
Microsoft Visual Studio Solution File, Format Version 12.00
# Visual Studio Version 17
VisualStudioVersion = 17.2.32602.215
MinimumVisualStudioVersion = 10.0.40219.1
Project("{FAE04EC0-301F-11D3-BF4B-00C04F79EFBC}") = "calculatiiTVA", "calculatiiTVA\calculatiiTVA.csproj", "{E400A9F1-F11B-4B26-974A-7FB44D75DD83}"
EndProject
Global
	GlobalSection(SolutionConfigurationPlatforms) = preSolution
		Debug|Any CPU = Debug|Any CPU
		Release|Any CPU = Release|Any CPU
	EndGlobalSection
	GlobalSection(ProjectConfigurationPlatforms) = postSolution
		{E400A9F1-F11B-4B26-974A-7FB44D75DD83}.Debug|Any CPU.ActiveCfg = Debug|Any CPU
		{E400A9F1-F11B-4B26-974A-7FB44D75DD83}.Debug|Any CPU.Build.0 = Debug|Any CPU
		{E400A9F1-F11B-4B26-974A-7FB44D75DD83}.Release|Any CPU.ActiveCfg = Release|Any CPU
		{E400A9F1-F11B-4B26-974A-7FB44D75DD83}.Release|Any CPU.Build.0 = Release|Any CPU
	EndGlobalSection
	GlobalSection(SolutionProperties) = preSolution
		HideSolutionNode = FALSE
	EndGlobalSection
	GlobalSection(ExtensibilityGlobals) = postSolution
		SolutionGuid = {D75D44E7-15CE-4E9E-870C-3F9EFE1D1198}
	EndGlobalSection
EndGlobal
